
Microsoft Visual Studio Solution File, Format Version 12.00
# Visual Studio Version 17
VisualStudioVersion = 17.0.31903.59
MinimumVisualStudioVersion = 10.0.40219.1
Project("{2150E333-8FDC-42A3-9474-1A3956D46DE8}") = "src", "src", "{827E0CD3-B72D-47B6-A68D-7590B98EB39B}"
EndProject
Project("{FAE04EC0-301F-11D3-BF4B-00C04F79EFBC}") = "ToDo.Api", "src\ToDo.Api\ToDo.Api.csproj", "{C0E96AFE-EAFA-4099-B88E-590A4ABE7BF3}"
EndProject
Project("{2150E333-8FDC-42A3-9474-1A3956D46DE8}") = "tests", "tests", "{38CB1C5F-979C-4921-BB5E-4D2C7510D0E4}"
EndProject
Project("{FAE04EC0-301F-11D3-BF4B-00C04F79EFBC}") = "ToDo.Application", "src\ToDo.Application\ToDo.Application.csproj", "{1F62581E-F320-48B1-AEAE-A7B8D8A0816A}"
EndProject
Project("{FAE04EC0-301F-11D3-BF4B-00C04F79EFBC}") = "ToDo.Core", "src\ToDo.Core\ToDo.Core.csproj", "{480EE2FD-ABC4-40AD-86BB-871C81D3A0FC}"
EndProject
Project("{FAE04EC0-301F-11D3-BF4B-00C04F79EFBC}") = "ToDo.Infrastructure", "src\ToDo.Infrastructure\ToDo.Infrastructure.csproj", "{2907F1B3-C4C1-4927-BEBB-AB3E3F5D673E}"
EndProject
Project("{FAE04EC0-301F-11D3-BF4B-00C04F79EFBC}") = "ToDo.Core.Unit.Tests", "tests\ToDo.Core.Unit.Tests\ToDo.Core.Unit.Tests.csproj", "{6BF19C38-3B36-45EE-B1E3-48A02FCAFB27}"
EndProject
Project("{FAE04EC0-301F-11D3-BF4B-00C04F79EFBC}") = "ToDo.Application.Unit.Tests", "ToDo.Application.Unit.Tests\ToDo.Application.Unit.Tests.csproj", "{DD3FA803-4384-4E86-8B18-2DF5373E3588}"
EndProject
Global
	GlobalSection(SolutionConfigurationPlatforms) = preSolution
		Debug|Any CPU = Debug|Any CPU
		Debug|x64 = Debug|x64
		Debug|x86 = Debug|x86
		Release|Any CPU = Release|Any CPU
		Release|x64 = Release|x64
		Release|x86 = Release|x86
	EndGlobalSection
	GlobalSection(ProjectConfigurationPlatforms) = postSolution
		{C0E96AFE-EAFA-4099-B88E-590A4ABE7BF3}.Debug|Any CPU.ActiveCfg = Debug|Any CPU
		{C0E96AFE-EAFA-4099-B88E-590A4ABE7BF3}.Debug|Any CPU.Build.0 = Debug|Any CPU
		{C0E96AFE-EAFA-4099-B88E-590A4ABE7BF3}.Debug|x64.ActiveCfg = Debug|Any CPU
		{C0E96AFE-EAFA-4099-B88E-590A4ABE7BF3}.Debug|x64.Build.0 = Debug|Any CPU
		{C0E96AFE-EAFA-4099-B88E-590A4ABE7BF3}.Debug|x86.ActiveCfg = Debug|Any CPU
		{C0E96AFE-EAFA-4099-B88E-590A4ABE7BF3}.Debug|x86.Build.0 = Debug|Any CPU
		{C0E96AFE-EAFA-4099-B88E-590A4ABE7BF3}.Release|Any CPU.ActiveCfg = Release|Any CPU
		{C0E96AFE-EAFA-4099-B88E-590A4ABE7BF3}.Release|Any CPU.Build.0 = Release|Any CPU
		{C0E96AFE-EAFA-4099-B88E-590A4ABE7BF3}.Release|x64.ActiveCfg = Release|Any CPU
		{C0E96AFE-EAFA-4099-B88E-590A4ABE7BF3}.Release|x64.Build.0 = Release|Any CPU
		{C0E96AFE-EAFA-4099-B88E-590A4ABE7BF3}.Release|x86.ActiveCfg = Release|Any CPU
		{C0E96AFE-EAFA-4099-B88E-590A4ABE7BF3}.Release|x86.Build.0 = Release|Any CPU
		{1F62581E-F320-48B1-AEAE-A7B8D8A0816A}.Debug|Any CPU.ActiveCfg = Debug|Any CPU
		{1F62581E-F320-48B1-AEAE-A7B8D8A0816A}.Debug|Any CPU.Build.0 = Debug|Any CPU
		{1F62581E-F320-48B1-AEAE-A7B8D8A0816A}.Debug|x64.ActiveCfg = Debug|Any CPU
		{1F62581E-F320-48B1-AEAE-A7B8D8A0816A}.Debug|x64.Build.0 = Debug|Any CPU
		{1F62581E-F320-48B1-AEAE-A7B8D8A0816A}.Debug|x86.ActiveCfg = Debug|Any CPU
		{1F62581E-F320-48B1-AEAE-A7B8D8A0816A}.Debug|x86.Build.0 = Debug|Any CPU
		{1F62581E-F320-48B1-AEAE-A7B8D8A0816A}.Release|Any CPU.ActiveCfg = Release|Any CPU
		{1F62581E-F320-48B1-AEAE-A7B8D8A0816A}.Release|Any CPU.Build.0 = Release|Any CPU
		{1F62581E-F320-48B1-AEAE-A7B8D8A0816A}.Release|x64.ActiveCfg = Release|Any CPU
		{1F62581E-F320-48B1-AEAE-A7B8D8A0816A}.Release|x64.Build.0 = Release|Any CPU
		{1F62581E-F320-48B1-AEAE-A7B8D8A0816A}.Release|x86.ActiveCfg = Release|Any CPU
		{1F62581E-F320-48B1-AEAE-A7B8D8A0816A}.Release|x86.Build.0 = Release|Any CPU
		{480EE2FD-ABC4-40AD-86BB-871C81D3A0FC}.Debug|Any CPU.ActiveCfg = Debug|Any CPU
		{480EE2FD-ABC4-40AD-86BB-871C81D3A0FC}.Debug|Any CPU.Build.0 = Debug|Any CPU
		{480EE2FD-ABC4-40AD-86BB-871C81D3A0FC}.Debug|x64.ActiveCfg = Debug|Any CPU
		{480EE2FD-ABC4-40AD-86BB-871C81D3A0FC}.Debug|x64.Build.0 = Debug|Any CPU
		{480EE2FD-ABC4-40AD-86BB-871C81D3A0FC}.Debug|x86.ActiveCfg = Debug|Any CPU
		{480EE2FD-ABC4-40AD-86BB-871C81D3A0FC}.Debug|x86.Build.0 = Debug|Any CPU
		{480EE2FD-ABC4-40AD-86BB-871C81D3A0FC}.Release|Any CPU.ActiveCfg = Release|Any CPU
		{480EE2FD-ABC4-40AD-86BB-871C81D3A0FC}.Release|Any CPU.Build.0 = Release|Any CPU
		{480EE2FD-ABC4-40AD-86BB-871C81D3A0FC}.Release|x64.ActiveCfg = Release|Any CPU
		{480EE2FD-ABC4-40AD-86BB-871C81D3A0FC}.Release|x64.Build.0 = Release|Any CPU
		{480EE2FD-ABC4-40AD-86BB-871C81D3A0FC}.Release|x86.ActiveCfg = Release|Any CPU
		{480EE2FD-ABC4-40AD-86BB-871C81D3A0FC}.Release|x86.Build.0 = Release|Any CPU
		{2907F1B3-C4C1-4927-BEBB-AB3E3F5D673E}.Debug|Any CPU.ActiveCfg = Debug|Any CPU
		{2907F1B3-C4C1-4927-BEBB-AB3E3F5D673E}.Debug|Any CPU.Build.0 = Debug|Any CPU
		{2907F1B3-C4C1-4927-BEBB-AB3E3F5D673E}.Debug|x64.ActiveCfg = Debug|Any CPU
		{2907F1B3-C4C1-4927-BEBB-AB3E3F5D673E}.Debug|x64.Build.0 = Debug|Any CPU
		{2907F1B3-C4C1-4927-BEBB-AB3E3F5D673E}.Debug|x86.ActiveCfg = Debug|Any CPU
		{2907F1B3-C4C1-4927-BEBB-AB3E3F5D673E}.Debug|x86.Build.0 = Debug|Any CPU
		{2907F1B3-C4C1-4927-BEBB-AB3E3F5D673E}.Release|Any CPU.ActiveCfg = Release|Any CPU
		{2907F1B3-C4C1-4927-BEBB-AB3E3F5D673E}.Release|Any CPU.Build.0 = Release|Any CPU
		{2907F1B3-C4C1-4927-BEBB-AB3E3F5D673E}.Release|x64.ActiveCfg = Release|Any CPU
		{2907F1B3-C4C1-4927-BEBB-AB3E3F5D673E}.Release|x64.Build.0 = Release|Any CPU
		{2907F1B3-C4C1-4927-BEBB-AB3E3F5D673E}.Release|x86.ActiveCfg = Release|Any CPU
		{2907F1B3-C4C1-4927-BEBB-AB3E3F5D673E}.Release|x86.Build.0 = Release|Any CPU
		{6BF19C38-3B36-45EE-B1E3-48A02FCAFB27}.Debug|Any CPU.ActiveCfg = Debug|Any CPU
		{6BF19C38-3B36-45EE-B1E3-48A02FCAFB27}.Debug|Any CPU.Build.0 = Debug|Any CPU
		{6BF19C38-3B36-45EE-B1E3-48A02FCAFB27}.Debug|x64.ActiveCfg = Debug|Any CPU
		{6BF19C38-3B36-45EE-B1E3-48A02FCAFB27}.Debug|x64.Build.0 = Debug|Any CPU
		{6BF19C38-3B36-45EE-B1E3-48A02FCAFB27}.Debug|x86.ActiveCfg = Debug|Any CPU
		{6BF19C38-3B36-45EE-B1E3-48A02FCAFB27}.Debug|x86.Build.0 = Debug|Any CPU
		{6BF19C38-3B36-45EE-B1E3-48A02FCAFB27}.Release|Any CPU.ActiveCfg = Release|Any CPU
		{6BF19C38-3B36-45EE-B1E3-48A02FCAFB27}.Release|Any CPU.Build.0 = Release|Any CPU
		{6BF19C38-3B36-45EE-B1E3-48A02FCAFB27}.Release|x64.ActiveCfg = Release|Any CPU
		{6BF19C38-3B36-45EE-B1E3-48A02FCAFB27}.Release|x64.Build.0 = Release|Any CPU
		{6BF19C38-3B36-45EE-B1E3-48A02FCAFB27}.Release|x86.ActiveCfg = Release|Any CPU
		{6BF19C38-3B36-45EE-B1E3-48A02FCAFB27}.Release|x86.Build.0 = Release|Any CPU
		{DD3FA803-4384-4E86-8B18-2DF5373E3588}.Debug|Any CPU.ActiveCfg = Debug|Any CPU
		{DD3FA803-4384-4E86-8B18-2DF5373E3588}.Debug|Any CPU.Build.0 = Debug|Any CPU
		{DD3FA803-4384-4E86-8B18-2DF5373E3588}.Debug|x64.ActiveCfg = Debug|Any CPU
		{DD3FA803-4384-4E86-8B18-2DF5373E3588}.Debug|x64.Build.0 = Debug|Any CPU
		{DD3FA803-4384-4E86-8B18-2DF5373E3588}.Debug|x86.ActiveCfg = Debug|Any CPU
		{DD3FA803-4384-4E86-8B18-2DF5373E3588}.Debug|x86.Build.0 = Debug|Any CPU
		{DD3FA803-4384-4E86-8B18-2DF5373E3588}.Release|Any CPU.ActiveCfg = Release|Any CPU
		{DD3FA803-4384-4E86-8B18-2DF5373E3588}.Release|Any CPU.Build.0 = Release|Any CPU
		{DD3FA803-4384-4E86-8B18-2DF5373E3588}.Release|x64.ActiveCfg = Release|Any CPU
		{DD3FA803-4384-4E86-8B18-2DF5373E3588}.Release|x64.Build.0 = Release|Any CPU
		{DD3FA803-4384-4E86-8B18-2DF5373E3588}.Release|x86.ActiveCfg = Release|Any CPU
		{DD3FA803-4384-4E86-8B18-2DF5373E3588}.Release|x86.Build.0 = Release|Any CPU
	EndGlobalSection
	GlobalSection(SolutionProperties) = preSolution
		HideSolutionNode = FALSE
	EndGlobalSection
	GlobalSection(NestedProjects) = preSolution
		{C0E96AFE-EAFA-4099-B88E-590A4ABE7BF3} = {827E0CD3-B72D-47B6-A68D-7590B98EB39B}
		{1F62581E-F320-48B1-AEAE-A7B8D8A0816A} = {827E0CD3-B72D-47B6-A68D-7590B98EB39B}
		{2907F1B3-C4C1-4927-BEBB-AB3E3F5D673E} = {827E0CD3-B72D-47B6-A68D-7590B98EB39B}
		{480EE2FD-ABC4-40AD-86BB-871C81D3A0FC} = {827E0CD3-B72D-47B6-A68D-7590B98EB39B}
		{6BF19C38-3B36-45EE-B1E3-48A02FCAFB27} = {38CB1C5F-979C-4921-BB5E-4D2C7510D0E4}
		{DD3FA803-4384-4E86-8B18-2DF5373E3588} = {38CB1C5F-979C-4921-BB5E-4D2C7510D0E4}
	EndGlobalSection
EndGlobal
